
Microsoft Visual Studio Solution File, Format Version 12.00
# Visual Studio Version 17
VisualStudioVersion = 17.5.33424.131
MinimumVisualStudioVersion = 10.0.40219.1
Project("{FAE04EC0-301F-11D3-BF4B-00C04F79EFBC}") = "GraficniVmesnikBazaPodatkov", "GraficniVmesnikBazaPodatkov\GraficniVmesnikBazaPodatkov.csproj", "{447C6DF5-2015-437C-936C-ADBCF796EFDE}"
EndProject
Project("{FAE04EC0-301F-11D3-BF4B-00C04F79EFBC}") = "LINQ", "LINQ\LINQ.csproj", "{C610C25F-1FD7-48B6-A63E-2B3551499543}"
EndProject
Project("{FAE04EC0-301F-11D3-BF4B-00C04F79EFBC}") = "Bloom", "Bloom\Bloom.csproj", "{9682AD39-04C9-48CB-8C8E-CA652AAAB0D9}"
EndProject
Project("{FAE04EC0-301F-11D3-BF4B-00C04F79EFBC}") = "Trki", "Trki\Trki.csproj", "{D3543A94-1C2B-4175-A8CF-21B8E3E8DA97}"
EndProject
Project("{FAE04EC0-301F-11D3-BF4B-00C04F79EFBC}") = "AsyncInAwaitV3", "..\..\..\..\Downloads\Vaje_AsyncInAwait\Vaje_AsyncInAwait\AsyncInAwait\AsyncInAwaitV3\AsyncInAwaitV3.csproj", "{2743D90C-6BD9-4EB0-926C-DD629C6C9830}"
EndProject
Global
	GlobalSection(SolutionConfigurationPlatforms) = preSolution
		Debug|Any CPU = Debug|Any CPU
		Release|Any CPU = Release|Any CPU
	EndGlobalSection
	GlobalSection(ProjectConfigurationPlatforms) = postSolution
		{447C6DF5-2015-437C-936C-ADBCF796EFDE}.Debug|Any CPU.ActiveCfg = Debug|Any CPU
		{447C6DF5-2015-437C-936C-ADBCF796EFDE}.Debug|Any CPU.Build.0 = Debug|Any CPU
		{447C6DF5-2015-437C-936C-ADBCF796EFDE}.Release|Any CPU.ActiveCfg = Release|Any CPU
		{447C6DF5-2015-437C-936C-ADBCF796EFDE}.Release|Any CPU.Build.0 = Release|Any CPU
		{C610C25F-1FD7-48B6-A63E-2B3551499543}.Debug|Any CPU.ActiveCfg = Debug|Any CPU
		{C610C25F-1FD7-48B6-A63E-2B3551499543}.Debug|Any CPU.Build.0 = Debug|Any CPU
		{C610C25F-1FD7-48B6-A63E-2B3551499543}.Release|Any CPU.ActiveCfg = Release|Any CPU
		{C610C25F-1FD7-48B6-A63E-2B3551499543}.Release|Any CPU.Build.0 = Release|Any CPU
		{9682AD39-04C9-48CB-8C8E-CA652AAAB0D9}.Debug|Any CPU.ActiveCfg = Debug|Any CPU
		{9682AD39-04C9-48CB-8C8E-CA652AAAB0D9}.Debug|Any CPU.Build.0 = Debug|Any CPU
		{9682AD39-04C9-48CB-8C8E-CA652AAAB0D9}.Release|Any CPU.ActiveCfg = Release|Any CPU
		{9682AD39-04C9-48CB-8C8E-CA652AAAB0D9}.Release|Any CPU.Build.0 = Release|Any CPU
		{D3543A94-1C2B-4175-A8CF-21B8E3E8DA97}.Debug|Any CPU.ActiveCfg = Debug|Any CPU
		{D3543A94-1C2B-4175-A8CF-21B8E3E8DA97}.Debug|Any CPU.Build.0 = Debug|Any CPU
		{D3543A94-1C2B-4175-A8CF-21B8E3E8DA97}.Release|Any CPU.ActiveCfg = Release|Any CPU
		{D3543A94-1C2B-4175-A8CF-21B8E3E8DA97}.Release|Any CPU.Build.0 = Release|Any CPU
		{2743D90C-6BD9-4EB0-926C-DD629C6C9830}.Debug|Any CPU.ActiveCfg = Debug|Any CPU
		{2743D90C-6BD9-4EB0-926C-DD629C6C9830}.Debug|Any CPU.Build.0 = Debug|Any CPU
		{2743D90C-6BD9-4EB0-926C-DD629C6C9830}.Release|Any CPU.ActiveCfg = Release|Any CPU
		{2743D90C-6BD9-4EB0-926C-DD629C6C9830}.Release|Any CPU.Build.0 = Release|Any CPU
	EndGlobalSection
	GlobalSection(SolutionProperties) = preSolution
		HideSolutionNode = FALSE
	EndGlobalSection
	GlobalSection(ExtensibilityGlobals) = postSolution
		SolutionGuid = {0F6BE01B-A742-4C75-98A6-B2C2A51360C1}
	EndGlobalSection
EndGlobal
